
Microsoft Visual Studio Solution File, Format Version 12.00
Project("{2150E333-8FDC-42A3-9474-1A3956D46DE8}") = "Restaurants", "Restaurants", "{D910822D-048D-46E4-A55A-633B0F0DB1B0}"
EndProject
Project("{FAE04EC0-301F-11D3-BF4B-00C04F79EFBC}") = "DiningHall", "U:\ThirdYear\PR\LaboratoryNr1\DiningHall\DiningHall.csproj", "{9C0E61FB-98B8-4D3A-AA8A-619B7CF2315B}"
EndProject
Project("{2150E333-8FDC-42A3-9474-1A3956D46DE8}") = "ResturantNr1", "ResturantNr1", "{C59190A9-084D-4A0F-A95C-E8CC87B1C89F}"
EndProject
Project("{FAE04EC0-301F-11D3-BF4B-00C04F79EFBC}") = "Kitchen", "U:\ThirdYear\PR\LaboratoryNr1\Kitchen\Kitchen.csproj", "{60476A00-7ABB-4492-AAF1-8F0CE8EA2F03}"
EndProject
Project("{FAE04EC0-301F-11D3-BF4B-00C04F79EFBC}") = "ClientService", "ClientService\ClientService.csproj", "{F4F97E0A-A7AF-441D-BDD2-DEC93853DEBA}"
EndProject
Project("{FAE04EC0-301F-11D3-BF4B-00C04F79EFBC}") = "FoodOrderingService", "FoodOrderingService\FoodOrderingService.csproj", "{674378F0-028C-4F7C-8CE0-AF0871093CC4}"
EndProject
Global
	GlobalSection(SolutionConfigurationPlatforms) = preSolution
		Debug|Any CPU = Debug|Any CPU
		Release|Any CPU = Release|Any CPU
	EndGlobalSection
	GlobalSection(ProjectConfigurationPlatforms) = postSolution
		{9C0E61FB-98B8-4D3A-AA8A-619B7CF2315B}.Debug|Any CPU.ActiveCfg = Debug|Any CPU
		{9C0E61FB-98B8-4D3A-AA8A-619B7CF2315B}.Debug|Any CPU.Build.0 = Debug|Any CPU
		{9C0E61FB-98B8-4D3A-AA8A-619B7CF2315B}.Release|Any CPU.ActiveCfg = Release|Any CPU
		{9C0E61FB-98B8-4D3A-AA8A-619B7CF2315B}.Release|Any CPU.Build.0 = Release|Any CPU
		{60476A00-7ABB-4492-AAF1-8F0CE8EA2F03}.Debug|Any CPU.ActiveCfg = Debug|Any CPU
		{60476A00-7ABB-4492-AAF1-8F0CE8EA2F03}.Debug|Any CPU.Build.0 = Debug|Any CPU
		{60476A00-7ABB-4492-AAF1-8F0CE8EA2F03}.Release|Any CPU.ActiveCfg = Release|Any CPU
		{60476A00-7ABB-4492-AAF1-8F0CE8EA2F03}.Release|Any CPU.Build.0 = Release|Any CPU
		{F4F97E0A-A7AF-441D-BDD2-DEC93853DEBA}.Debug|Any CPU.ActiveCfg = Debug|Any CPU
		{F4F97E0A-A7AF-441D-BDD2-DEC93853DEBA}.Debug|Any CPU.Build.0 = Debug|Any CPU
		{F4F97E0A-A7AF-441D-BDD2-DEC93853DEBA}.Release|Any CPU.ActiveCfg = Release|Any CPU
		{F4F97E0A-A7AF-441D-BDD2-DEC93853DEBA}.Release|Any CPU.Build.0 = Release|Any CPU
		{674378F0-028C-4F7C-8CE0-AF0871093CC4}.Debug|Any CPU.ActiveCfg = Debug|Any CPU
		{674378F0-028C-4F7C-8CE0-AF0871093CC4}.Debug|Any CPU.Build.0 = Debug|Any CPU
		{674378F0-028C-4F7C-8CE0-AF0871093CC4}.Release|Any CPU.ActiveCfg = Release|Any CPU
		{674378F0-028C-4F7C-8CE0-AF0871093CC4}.Release|Any CPU.Build.0 = Release|Any CPU
	EndGlobalSection
	GlobalSection(NestedProjects) = preSolution
		{C59190A9-084D-4A0F-A95C-E8CC87B1C89F} = {D910822D-048D-46E4-A55A-633B0F0DB1B0}
		{9C0E61FB-98B8-4D3A-AA8A-619B7CF2315B} = {C59190A9-084D-4A0F-A95C-E8CC87B1C89F}
		{60476A00-7ABB-4492-AAF1-8F0CE8EA2F03} = {C59190A9-084D-4A0F-A95C-E8CC87B1C89F}
	EndGlobalSection
EndGlobal
